lockfileVersion: '9.0'

settings:
  autoInstallPeers: true
  excludeLinksFromLockfile: false

importers:

  .:
    dependencies:
      effect:
        specifier: '>=3.10.0'
        version: 3.18.4
    devDependencies:
      '@biomejs/biome':
        specifier: 2.2.6
        version: 2.2.6
      '@types/geojson':
        specifier: 7946.0.16
        version: 7946.0.16
      '@types/node':
        specifier: 24.7.2
        version: 24.7.2
      tsdown:
        specifier: 0.15.8
        version: 0.15.8

packages:

  '@babel/generator@7.28.3':
    resolution: {integrity: sha512-3lSpxGgvnmZznmBkCRnVREPUFJv2wrv9iAoFDvADJc0ypmdOxdUtcLeBgBJ6zE0PMeTKnxeQzyk0xTBq4Ep7zw==}
    engines: {node: '>=6.9.0'}

  '@babel/helper-string-parser@7.27.1':
    resolution: {integrity: sha512-qMlSxKbpRlAridDExk92nSobyDdpPijUq2DW6oDnUqd0iOGxmQjyqhMIihI9+zv4LPyZdRje2cavWPbCbWm3eA==}
    engines: {node: '>=6.9.0'}

  '@babel/helper-validator-identifier@7.27.1':
    resolution: {integrity: sha512-D2hP9eA+Sqx1kBZgzxZh0y1trbuU+JoDkiEwqhQ36nodYqJwyEIhPSdMNd7lOm/4io72luTPWH20Yda0xOuUow==}
    engines: {node: '>=6.9.0'}

  '@babel/parser@7.28.4':
    resolution: {integrity: sha512-yZbBqeM6TkpP9du/I2pUZnJsRMGGvOuIrhjzC1AwHwW+6he4mni6Bp/m8ijn0iOuZuPI2BfkCoSRunpyjnrQKg==}
    engines: {node: '>=6.0.0'}
    hasBin: true

  '@babel/types@7.28.4':
    resolution: {integrity: sha512-bkFqkLhh3pMBUQQkpVgWDWq/lqzc2678eUyDlTBhRqhCHFguYYGM0Efga7tYk4TogG/3x0EEl66/OQ+WGbWB/Q==}
    engines: {node: '>=6.9.0'}

  '@biomejs/biome@2.2.6':
    resolution: {integrity: sha512-yKTCNGhek0rL5OEW1jbLeZX8LHaM8yk7+3JRGv08my+gkpmtb5dDE+54r2ZjZx0ediFEn1pYBOJSmOdDP9xtFw==}
    engines: {node: '>=14.21.3'}
    hasBin: true

  '@biomejs/cli-darwin-arm64@2.2.6':
    resolution: {integrity: sha512-UZPmn3M45CjTYulgcrFJFZv7YmK3pTxTJDrFYlNElT2FNnkkX4fsxjExTSMeWKQYoZjvekpH5cvrYZZlWu3yfA==}
    engines: {node: '>=14.21.3'}
    cpu: [arm64]
    os: [darwin]

  '@biomejs/cli-darwin-x64@2.2.6':
    resolution: {integrity: sha512-HOUIquhHVgh/jvxyClpwlpl/oeMqntlteL89YqjuFDiZ091P0vhHccwz+8muu3nTyHWM5FQslt+4Jdcd67+xWQ==}
    engines: {node: '>=14.21.3'}
    cpu: [x64]
    os: [darwin]

  '@biomejs/cli-linux-arm64-musl@2.2.6':
    resolution: {integrity: sha512-TjCenQq3N6g1C+5UT3jE1bIiJb5MWQvulpUngTIpFsL4StVAUXucWD0SL9MCW89Tm6awWfeXBbZBAhJwjyFbRQ==}
    engines: {node: '>=14.21.3'}
    cpu: [arm64]
    os: [linux]

  '@biomejs/cli-linux-arm64@2.2.6':
    resolution: {integrity: sha512-BpGtuMJGN+o8pQjvYsUKZ+4JEErxdSmcRD/JG3mXoWc6zrcA7OkuyGFN1mDggO0Q1n7qXxo/PcupHk8gzijt5g==}
    engines: {node: '>=14.21.3'}
    cpu: [arm64]
    os: [linux]

  '@biomejs/cli-linux-x64-musl@2.2.6':
    resolution: {integrity: sha512-1ZcBux8zVM3JhWN2ZCPaYf0+ogxXG316uaoXJdgoPZcdK/rmRcRY7PqHdAos2ExzvjIdvhQp72UcveI98hgOog==}
    engines: {node: '>=14.21.3'}
    cpu: [x64]
    os: [linux]

  '@biomejs/cli-linux-x64@2.2.6':
    resolution: {integrity: sha512-1HaM/dpI/1Z68zp8ZdT6EiBq+/O/z97a2AiHMl+VAdv5/ELckFt9EvRb8hDHpk8hUMoz03gXkC7VPXOVtU7faA==}
    engines: {node: '>=14.21.3'}
    cpu: [x64]
    os: [linux]

  '@biomejs/cli-win32-arm64@2.2.6':
    resolution: {integrity: sha512-h3A88G8PGM1ryTeZyLlSdfC/gz3e95EJw9BZmA6Po412DRqwqPBa2Y9U+4ZSGUAXCsnSQE00jLV8Pyrh0d+jQw==}
    engines: {node: '>=14.21.3'}
    cpu: [arm64]
    os: [win32]

  '@biomejs/cli-win32-x64@2.2.6':
    resolution: {integrity: sha512-yx0CqeOhPjYQ5ZXgPfu8QYkgBhVJyvWe36as7jRuPrKPO5ylVDfwVtPQ+K/mooNTADW0IhxOZm3aPu16dP8yNQ==}
    engines: {node: '>=14.21.3'}
    cpu: [x64]
    os: [win32]

  '@emnapi/core@1.5.0':
    resolution: {integrity: sha512-sbP8GzB1WDzacS8fgNPpHlp6C9VZe+SJP3F90W9rLemaQj2PzIuTEl1qDOYQf58YIpyjViI24y9aPWCjEzY2cg==}

  '@emnapi/runtime@1.5.0':
    resolution: {integrity: sha512-97/BJ3iXHww3djw6hYIfErCZFee7qCtrneuLa20UXFCOTCfBM2cvQHjWJ2EG0s0MtdNwInarqCTz35i4wWXHsQ==}

  '@emnapi/wasi-threads@1.1.0':
    resolution: {integrity: sha512-WI0DdZ8xFSbgMjR1sFsKABJ/C5OnRrjT06JXbZKexJGrDuPTzZdDYfFlsgcCXCyf+suG5QU2e/y1Wo2V/OapLQ==}

  '@jridgewell/gen-mapping@0.3.13':
    resolution: {integrity: sha512-2kkt/7niJ6MgEPxF0bYdQ6etZaA+fQvDcLKckhy1yIQOzaoKjBBjSj63/aLVjYE3qhRt5dvM+uUyfCg6UKCBbA==}

  '@jridgewell/resolve-uri@3.1.2':
    resolution: {integrity: sha512-bRISgCIjP20/tbWSPWMEi54QVPRZExkuD9lJL+UIxUKtwVJA8wW1Trb1jMs1RFXo1CBTNZ/5hpC9QvmKWdopKw==}
    engines: {node: '>=6.0.0'}

  '@jridgewell/sourcemap-codec@1.5.5':
    resolution: {integrity: sha512-cYQ9310grqxueWbl+WuIUIaiUaDcj7WOq5fVhEljNVgRfOUhY9fy2zTvfoqWsnebh8Sl70VScFbICvJnLKB0Og==}

  '@jridgewell/trace-mapping@0.3.31':
    resolution: {integrity: sha512-zzNR+SdQSDJzc8joaeP8QQoCQr8NuYx2dIIytl1QeBEZHJ9uW6hebsrYgbz8hJwUQao3TWCMtmfV8Nu1twOLAw==}

  '@napi-rs/wasm-runtime@1.0.7':
    resolution: {integrity: sha512-SeDnOO0Tk7Okiq6DbXmmBODgOAb9dp9gjlphokTUxmt8U3liIP1ZsozBahH69j/RJv+Rfs6IwUKHTgQYJ/HBAw==}

  '@oxc-project/types@0.94.0':
    resolution: {integrity: sha512-+UgQT/4o59cZfH6Cp7G0hwmqEQ0wE+AdIwhikdwnhWI9Dp8CgSY081+Q3O67/wq3VJu8mgUEB93J9EHHn70fOw==}

  '@quansync/fs@0.1.5':
    resolution: {integrity: sha512-lNS9hL2aS2NZgNW7BBj+6EBl4rOf8l+tQ0eRY6JWCI8jI2kc53gSoqbjojU0OnAWhzoXiOjFyGsHcDGePB3lhA==}

  '@rolldown/binding-android-arm64@1.0.0-beta.43':
    resolution: {integrity: sha512-TP8bcPOb1s6UmY5syhXrDn9k0XkYcw+XaoylTN4cJxf0JOVS2j682I3aTcpfT51hOFGr2bRwNKN9RZ19XxeQbA==}
    engines: {node: ^20.19.0 || >=22.12.0}
    cpu: [arm64]
    os: [android]

  '@rolldown/binding-darwin-arm64@1.0.0-beta.43':
    resolution: {integrity: sha512-kuVWnZsE4vEjMF/10SbSUyzucIW2zmdsqFghYMqy+fsjXnRHg0luTU6qWF8IqJf4Cbpm9NEZRnjIEPpAbdiSNQ==}
    engines: {node: ^20.19.0 || >=22.12.0}
    cpu: [arm64]
    os: [darwin]

  '@rolldown/binding-darwin-x64@1.0.0-beta.43':
    resolution: {integrity: sha512-u9Ps4sh6lcmJ3vgLtyEg/x4jlhI64U0mM93Ew+tlfFdLDe7yKyA+Fe80cpr2n1mNCeZXrvTSbZluKpXQ0GxLjw==}
    engines: {node: ^20.19.0 || >=22.12.0}
    cpu: [x64]
    os: [darwin]

  '@rolldown/binding-freebsd-x64@1.0.0-beta.43':
    resolution: {integrity: sha512-h9lUtVtXgfbk/tnicMpbFfZ3DJvk5Zn2IvmlC1/e0+nUfwoc/TFqpfrRRqcNBXk/e+xiWMSKv6b0MF8N+Rtvlg==}
    engines: {node: ^20.19.0 || >=22.12.0}
    cpu: [x64]
    os: [freebsd]

  '@rolldown/binding-linux-arm-gnueabihf@1.0.0-beta.43':
    resolution: {integrity: sha512-IX2C6bA6wM2rX/RvD75ko+ix9yxPKjKGGq7pOhB8wGI4Z4fqX5B1nDHga/qMDmAdCAR1m9ymzxkmqhm/AFYf7A==}
    engines: {node: ^20.19.0 || >=22.12.0}
    cpu: [arm]
    os: [linux]

  '@rolldown/binding-linux-arm64-gnu@1.0.0-beta.43':
    resolution: {integrity: sha512-mcjd57vEj+CEQbZAzUiaxNzNgwwgOpFtZBWcINm8DNscvkXl5b/s622Z1dqGNWSdrZmdjdC6LWMvu8iHM6v9sQ==}
    engines: {node: ^20.19.0 || >=22.12.0}
    cpu: [arm64]
    os: [linux]

  '@rolldown/binding-linux-arm64-musl@1.0.0-beta.43':
    resolution: {integrity: sha512-Pa8QMwlkrztTo/1mVjZmPIQ44tCSci10TBqxzVBvXVA5CFh5EpiEi99fPSll2dHG2uT4dCOMeC6fIhyDdb0zXA==}
    engines: {node: ^20.19.0 || >=22.12.0}
    cpu: [arm64]
    os: [linux]

  '@rolldown/binding-linux-x64-gnu@1.0.0-beta.43':
    resolution: {integrity: sha512-BgynXKMjeaX4AfWLARhOKDetBOOghnSiVRjAHVvhiAaDXgdQN8e65mSmXRiVoVtD3cHXx/cfU8Gw0p0K+qYKVQ==}
    engines: {node: ^20.19.0 || >=22.12.0}
    cpu: [x64]
    os: [linux]

  '@rolldown/binding-linux-x64-musl@1.0.0-beta.43':
    resolution: {integrity: sha512-VIsoPlOB/tDSAw9CySckBYysoIBqLeps1/umNSYUD8pMtalJyzMTneAVI1HrUdf4ceFmQ5vARoLIXSsPwVFxNg==}
    engines: {node: ^20.19.0 || >=22.12.0}
    cpu: [x64]
    os: [linux]

  '@rolldown/binding-openharmony-arm64@1.0.0-beta.43':
    resolution: {integrity: sha512-YDXTxVJG67PqTQMKyjVJSddoPbSWJ4yRz/E3xzTLHqNrTDGY0UuhG8EMr8zsYnfH/0cPFJ3wjQd/hJWHuR6nkA==}
    engines: {node: ^20.19.0 || >=22.12.0}
    cpu: [arm64]
    os: [openharmony]

  '@rolldown/binding-wasm32-wasi@1.0.0-beta.43':
    resolution: {integrity: sha512-3M+2DmorXvDuAIGYQ9Z93Oy1G9ETkejLwdXXb1uRTgKN9pMcu7N+KG2zDrJwqyxeeLIFE22AZGtSJm3PJbNu9Q==}
    engines: {node: '>=14.0.0'}
    cpu: [wasm32]

  '@rolldown/binding-win32-arm64-msvc@1.0.0-beta.43':
    resolution: {integrity: sha512-/B1j1pJs33y9ywtslOMxryUPHq8zIGu/OGEc2gyed0slimJ8fX2uR/SaJVhB4+NEgCFIeYDR4CX6jynAkeRuCA==}
    engines: {node: ^20.19.0 || >=22.12.0}
    cpu: [arm64]
    os: [win32]

  '@rolldown/binding-win32-ia32-msvc@1.0.0-beta.43':
    resolution: {integrity: sha512-29oG1swCz7hNP+CQYrsM4EtylsKwuYzM8ljqbqC5TsQwmKat7P8ouDpImsqg/GZxFSXcPP9ezQm0Q0wQwGM3JA==}
    engines: {node: ^20.19.0 || >=22.12.0}
    cpu: [ia32]
    os: [win32]

  '@rolldown/binding-win32-x64-msvc@1.0.0-beta.43':
    resolution: {integrity: sha512-eWBV1Ef3gfGNehxVGCyXs7wLayRIgCmyItuCZwYYXW5bsk4EvR4n2GP5m3ohjnx7wdiY3nLmwQfH2Knb5gbNZw==}
    engines: {node: ^20.19.0 || >=22.12.0}
    cpu: [x64]
    os: [win32]

  '@rolldown/pluginutils@1.0.0-beta.43':
    resolution: {integrity: sha512-5Uxg7fQUCmfhax7FJke2+8B6cqgeUJUD9o2uXIKXhD+mG0mL6NObmVoi9wXEU1tY89mZKgAYA6fTbftx3q2ZPQ==}

  '@standard-schema/spec@1.0.0':
    resolution: {integrity: sha512-m2bOd0f2RT9k8QJx1JN85cZYyH1RqFBdlwtkSlf4tBDYLCiiZnv1fIIwacK6cqwXavOydf0NPToMQgpKq+dVlA==}

  '@tybys/wasm-util@0.10.1':
    resolution: {integrity: sha512-9tTaPJLSiejZKx+Bmog4uSubteqTvFrVrURwkmHixBo0G4seD0zUxp98E1DzUBJxLQ3NPwXrGKDiVjwx/DpPsg==}

  '@types/geojson@7946.0.16':
    resolution: {integrity: sha512-6C8nqWur3j98U6+lXDfTUWIfgvZU+EumvpHKcYjujKH7woYyLj2sUmff0tRhrqM7BohUw7Pz3ZB1jj2gW9Fvmg==}

  '@types/node@24.7.2':
    resolution: {integrity: sha512-/NbVmcGTP+lj5oa4yiYxxeBjRivKQ5Ns1eSZeB99ExsEQ6rX5XYU1Zy/gGxY/ilqtD4Etx9mKyrPxZRetiahhA==}

  ansis@4.2.0:
    resolution: {integrity: sha512-HqZ5rWlFjGiV0tDm3UxxgNRqsOTniqoKZu0pIAfh7TZQMGuZK+hH0drySty0si0QXj1ieop4+SkSfPZBPPkHig==}
    engines: {node: '>=14'}

  ast-kit@2.1.3:
    resolution: {integrity: sha512-TH+b3Lv6pUjy/Nu0m6A2JULtdzLpmqF9x1Dhj00ZoEiML8qvVA9j1flkzTKNYgdEhWrjDwtWNpyyCUbfQe514g==}
    engines: {node: '>=20.19.0'}

  birpc@2.6.1:
    resolution: {integrity: sha512-LPnFhlDpdSH6FJhJyn4M0kFO7vtQ5iPw24FnG0y21q09xC7e8+1LeR31S1MAIrDAHp4m7aas4bEkTDTvMAtebQ==}

  cac@6.7.14:
    resolution: {integrity: sha512-b6Ilus+c3RrdDk+JhLKUAQfzzgLEPy6wcXqS7f/xe1EETvsDP6GORG7SFuOs6cID5YkqchW/LXZbX5bc8j7ZcQ==}
    engines: {node: '>=8'}

  chokidar@4.0.3:
    resolution: {integrity: sha512-Qgzu8kfBvo+cA4962jnP1KkS6Dop5NS6g7R5LFYJr4b8Ub94PPQXUksCw9PvXoeXPRRddRNC5C1JQUR2SMGtnA==}
    engines: {node: '>= 14.16.0'}

  debug@4.4.3:
    resolution: {integrity: sha512-RGwwWnwQvkVfavKVt22FGLw+xYSdzARwm0ru6DhTVA3umU5hZc28V3kO4stgYryrTlLpuvgI9GiijltAjNbcqA==}
    engines: {node: '>=6.0'}
    peerDependencies:
      supports-color: '*'
    peerDependenciesMeta:
      supports-color:
        optional: true

  defu@6.1.4:
    resolution: {integrity: sha512-mEQCMmwJu317oSz8CwdIOdwf3xMif1ttiM8LTufzc3g6kR+9Pe236twL8j3IYT1F7GfRgGcW6MWxzZjLIkuHIg==}

  diff@8.0.2:
    resolution: {integrity: sha512-sSuxWU5j5SR9QQji/o2qMvqRNYRDOcBTgsJ/DeCf4iSN4gW+gNMXM7wFIP+fdXZxoNiAnHUTGjCr+TSWXdRDKg==}
    engines: {node: '>=0.3.1'}

  dts-resolver@2.1.2:
    resolution: {integrity: sha512-xeXHBQkn2ISSXxbJWD828PFjtyg+/UrMDo7W4Ffcs7+YWCquxU8YjV1KoxuiL+eJ5pg3ll+bC6flVv61L3LKZg==}
    engines: {node: '>=20.18.0'}
    peerDependencies:
      oxc-resolver: '>=11.0.0'
    peerDependenciesMeta:
      oxc-resolver:
        optional: true

  effect@3.18.4:
    resolution: {integrity: sha512-b1LXQJLe9D11wfnOKAk3PKxuqYshQ0Heez+y5pnkd3jLj1yx9QhM72zZ9uUrOQyNvrs2GZZd/3maL0ZV18YuDA==}

  empathic@2.0.0:
    resolution: {integrity: sha512-i6UzDscO/XfAcNYD75CfICkmfLedpyPDdozrLMmQc5ORaQcdMoc21OnlEylMIqI7U8eniKrPMxxtj8k0vhmJhA==}
    engines: {node: '>=14'}

  fast-check@3.23.2:
    resolution: {integrity: sha512-h5+1OzzfCC3Ef7VbtKdcv7zsstUQwUDlYpUTvjeUsJAssPgLn7QzbboPtL5ro04Mq0rPOsMzl7q5hIbRs2wD1A==}
    engines: {node: '>=8.0.0'}

  fdir@6.5.0:
    resolution: {integrity: sha512-tIbYtZbucOs0BRGqPJkshJUYdL+SDH7dVM8gjy+ERp3WAUjLEFJE+02kanyHtwjWOnwrKYBiwAmM0p4kLJAnXg==}
    engines: {node: '>=12.0.0'}
    peerDependencies:
      picomatch: ^3 || ^4
    peerDependenciesMeta:
      picomatch:
        optional: true

  get-tsconfig@4.12.0:
    resolution: {integrity: sha512-LScr2aNr2FbjAjZh2C6X6BxRx1/x+aTDExct/xyq2XKbYOiG5c0aK7pMsSuyc0brz3ibr/lbQiHD9jzt4lccJw==}

  hookable@5.5.3:
    resolution: {integrity: sha512-Yc+BQe8SvoXH1643Qez1zqLRmbA5rCL+sSmk6TVos0LWVfNIB7PGncdlId77WzLGSIB5KaWgTaNTs2lNVEI6VQ==}

  jiti@2.6.1:
    resolution: {integrity: sha512-ekilCSN1jwRvIbgeg/57YFh8qQDNbwDb9xT/qu2DAHbFFZUicIl4ygVaAvzveMhMVr3LnpSKTNnwt8PoOfmKhQ==}
    hasBin: true

  jsesc@3.1.0:
    resolution: {integrity: sha512-/sM3dO2FOzXjKQhJuo0Q173wf2KOo8t4I8vHy6lF9poUp7bKT0/NHE8fPX23PwfhnykfqnC2xRxOnVw5XuGIaA==}
    engines: {node: '>=6'}
    hasBin: true

  magic-string@0.30.19:
    resolution: {integrity: sha512-2N21sPY9Ws53PZvsEpVtNuSW+ScYbQdp4b9qUaL+9QkHUrGFKo56Lg9Emg5s9V/qrtNBmiR01sYhUOwu3H+VOw==}

  ms@2.1.3:
    resolution: {integrity: sha512-6FlzubTLZG3J2a/NVCAleEhjzq5oxgHyaCU9yYXvcLsvoVaHJq/s5xXI6/XXP6tz7R9xAOtHnSO/tXtF3WRTlA==}

  pathe@2.0.3:
    resolution: {integrity: sha512-WUjGcAqP1gQacoQe+OBJsFA7Ld4DyXuUIjZ5cc75cLHvJ7dtNsTugphxIADwspS+AraAUePCKrSVtPLFj/F88w==}

  picomatch@4.0.3:
    resolution: {integrity: sha512-5gTmgEY/sqK6gFXLIsQNH19lWb4ebPDLA4SdLP7dsWkIXHWlG66oPuVvXSGFPppYZz8ZDZq0dYYrbHfBCVUb1Q==}
    engines: {node: '>=12'}

  pure-rand@6.1.0:
    resolution: {integrity: sha512-bVWawvoZoBYpp6yIoQtQXHZjmz35RSVHnUOTefl8Vcjr8snTPY1wnpSPMWekcFwbxI6gtmT7rSYPFvz71ldiOA==}

  quansync@0.2.11:
    resolution: {integrity: sha512-AifT7QEbW9Nri4tAwR5M/uzpBuqfZf+zwaEM/QkzEjj7NBuFD2rBuy0K3dE+8wltbezDV7JMA0WfnCPYRSYbXA==}

  readdirp@4.1.2:
    resolution: {integrity: sha512-GDhwkLfywWL2s6vEjyhri+eXmfH6j1L7JE27WhqLeYzoh/A3DBaYGEj2H/HFZCn/kMfim73FXxEJTw06WtxQwg==}
    engines: {node: '>= 14.18.0'}

  resolve-pkg-maps@1.0.0:
    resolution: {integrity: sha512-seS2Tj26TBVOC2NIc2rOe2y2ZO7efxITtLZcGSOnHHNOQ7CkiUBfw0Iw2ck6xkIhPwLhKNLS8BO+hEpngQlqzw==}

  rolldown-plugin-dts@0.16.12:
    resolution: {integrity: sha512-9dGjm5oqtKcbZNhpzyBgb8KrYiU616A7IqcFWG7Msp1RKAXQ/hapjivRg+g5IYWSiFhnk3OKYV5T4Ft1t8Cczg==}
    engines: {node: '>=20.18.0'}
    peerDependencies:
      '@ts-macro/tsc': ^0.3.6
      '@typescript/native-preview': '>=7.0.0-dev.20250601.1'
      rolldown: ^1.0.0-beta.9
      typescript: ^5.0.0
      vue-tsc: ~3.1.0
    peerDependenciesMeta:
      '@ts-macro/tsc':
        optional: true
      '@typescript/native-preview':
        optional: true
      typescript:
        optional: true
      vue-tsc:
        optional: true

  rolldown@1.0.0-beta.43:
    resolution: {integrity: sha512-6RcqyRx0tY1MlRLnjXPp/849Rl/CPFhzpGGwNPEPjKwqBMqPq/Rbbkxasa8s0x+IkUk46ty4jazb5skZ/Vgdhw==}
    engines: {node: ^20.19.0 || >=22.12.0}
    hasBin: true

  semver@7.7.3:
    resolution: {integrity: sha512-SdsKMrI9TdgjdweUSR9MweHA4EJ8YxHn8DFaDisvhVlUOe4BF1tLD7GAj0lIqWVl+dPb/rExr0Btby5loQm20Q==}
    engines: {node: '>=10'}
    hasBin: true

  tinyexec@1.0.1:
    resolution: {integrity: sha512-5uC6DDlmeqiOwCPmK9jMSdOuZTh8bU39Ys6yidB+UTt5hfZUPGAypSgFRiEp+jbi9qH40BLDvy85jIU88wKSqw==}

  tinyglobby@0.2.15:
    resolution: {integrity: sha512-j2Zq4NyQYG5XMST4cbs02Ak8iJUdxRM0XI5QyxXuZOzKOINmWurp3smXu3y5wDcJrptwpSjgXHzIQxR0omXljQ==}
    engines: {node: '>=12.0.0'}

  tree-kill@1.2.2:
    resolution: {integrity: sha512-L0Orpi8qGpRG//Nd+H90vFB+3iHnue1zSSGmNOOCh1GLJ7rUKVwV2HvijphGQS2UmhUZewS9VgvxYIdgr+fG1A==}
    hasBin: true

  tsdown@0.15.8:
    resolution: {integrity: sha512-A9CY3lO2SC6G5wyQV38cNdPkDmCoIQ6zYVd+lLnEGH09BxNRTJkCHfb7cBeBxZYJDYGFtgg/3yBpEryYJjBd+Q==}
    engines: {node: '>=20.19.0'}
    hasBin: true
    peerDependencies:
      '@arethetypeswrong/core': ^0.18.1
      publint: ^0.3.0
      typescript: ^5.0.0
      unplugin-lightningcss: ^0.4.0
      unplugin-unused: ^0.5.0
    peerDependenciesMeta:
      '@arethetypeswrong/core':
        optional: true
      publint:
        optional: true
      typescript:
        optional: true
      unplugin-lightningcss:
        optional: true
      unplugin-unused:
        optional: true

  tslib@2.8.1:
    resolution: {integrity: sha512-oJFu94HQb+KVduSUQL7wnpmqnfmLsOA/nAh6b6EH0wCEoK0/mPeXU6c3wKDV83MkOuHPRHtSXKKU99IBazS/2w==}

  unconfig@7.3.3:
    resolution: {integrity: sha512-QCkQoOnJF8L107gxfHL0uavn7WD9b3dpBcFX6HtfQYmjw2YzWxGuFQ0N0J6tE9oguCBJn9KOvfqYDCMPHIZrBA==}

  undici-types@7.14.0:
    resolution: {integrity: sha512-QQiYxHuyZ9gQUIrmPo3IA+hUl4KYk8uSA7cHrcKd/l3p1OTpZcM0Tbp9x7FAtXdAYhlasd60ncPpgu6ihG6TOA==}

snapshots:

  '@babel/generator@7.28.3':
    dependencies:
      '@babel/parser': 7.28.4
      '@babel/types': 7.28.4
      '@jridgewell/gen-mapping': 0.3.13
      '@jridgewell/trace-mapping': 0.3.31
      jsesc: 3.1.0

  '@babel/helper-string-parser@7.27.1': {}

  '@babel/helper-validator-identifier@7.27.1': {}

  '@babel/parser@7.28.4':
    dependencies:
      '@babel/types': 7.28.4

  '@babel/types@7.28.4':
    dependencies:
      '@babel/helper-string-parser': 7.27.1
      '@babel/helper-validator-identifier': 7.27.1

  '@biomejs/biome@2.2.6':
    optionalDependencies:
      '@biomejs/cli-darwin-arm64': 2.2.6
      '@biomejs/cli-darwin-x64': 2.2.6
      '@biomejs/cli-linux-arm64': 2.2.6
      '@biomejs/cli-linux-arm64-musl': 2.2.6
      '@biomejs/cli-linux-x64': 2.2.6
      '@biomejs/cli-linux-x64-musl': 2.2.6
      '@biomejs/cli-win32-arm64': 2.2.6
      '@biomejs/cli-win32-x64': 2.2.6

  '@biomejs/cli-darwin-arm64@2.2.6':
    optional: true

  '@biomejs/cli-darwin-x64@2.2.6':
    optional: true

  '@biomejs/cli-linux-arm64-musl@2.2.6':
    optional: true

  '@biomejs/cli-linux-arm64@2.2.6':
    optional: true

  '@biomejs/cli-linux-x64-musl@2.2.6':
    optional: true

  '@biomejs/cli-linux-x64@2.2.6':
    optional: true

  '@biomejs/cli-win32-arm64@2.2.6':
    optional: true

  '@biomejs/cli-win32-x64@2.2.6':
    optional: true

  '@emnapi/core@1.5.0':
    dependencies:
      '@emnapi/wasi-threads': 1.1.0
      tslib: 2.8.1
    optional: true

  '@emnapi/runtime@1.5.0':
    dependencies:
      tslib: 2.8.1
    optional: true

  '@emnapi/wasi-threads@1.1.0':
    dependencies:
      tslib: 2.8.1
    optional: true

  '@jridgewell/gen-mapping@0.3.13':
    dependencies:
      '@jridgewell/sourcemap-codec': 1.5.5
      '@jridgewell/trace-mapping': 0.3.31

  '@jridgewell/resolve-uri@3.1.2': {}

  '@jridgewell/sourcemap-codec@1.5.5': {}

  '@jridgewell/trace-mapping@0.3.31':
    dependencies:
      '@jridgewell/resolve-uri': 3.1.2
      '@jridgewell/sourcemap-codec': 1.5.5

  '@napi-rs/wasm-runtime@1.0.7':
    dependencies:
      '@emnapi/core': 1.5.0
      '@emnapi/runtime': 1.5.0
      '@tybys/wasm-util': 0.10.1
    optional: true

  '@oxc-project/types@0.94.0': {}

  '@quansync/fs@0.1.5':
    dependencies:
      quansync: 0.2.11

  '@rolldown/binding-android-arm64@1.0.0-beta.43':
    optional: true

  '@rolldown/binding-darwin-arm64@1.0.0-beta.43':
    optional: true

  '@rolldown/binding-darwin-x64@1.0.0-beta.43':
    optional: true

  '@rolldown/binding-freebsd-x64@1.0.0-beta.43':
    optional: true

  '@rolldown/binding-linux-arm-gnueabihf@1.0.0-beta.43':
    optional: true

  '@rolldown/binding-linux-arm64-gnu@1.0.0-beta.43':
    optional: true

  '@rolldown/binding-linux-arm64-musl@1.0.0-beta.43':
    optional: true

  '@rolldown/binding-linux-x64-gnu@1.0.0-beta.43':
    optional: true

  '@rolldown/binding-linux-x64-musl@1.0.0-beta.43':
    optional: true

  '@rolldown/binding-openharmony-arm64@1.0.0-beta.43':
    optional: true

  '@rolldown/binding-wasm32-wasi@1.0.0-beta.43':
    dependencies:
      '@napi-rs/wasm-runtime': 1.0.7
    optional: true

  '@rolldown/binding-win32-arm64-msvc@1.0.0-beta.43':
    optional: true

  '@rolldown/binding-win32-ia32-msvc@1.0.0-beta.43':
    optional: true

  '@rolldown/binding-win32-x64-msvc@1.0.0-beta.43':
    optional: true

  '@rolldown/pluginutils@1.0.0-beta.43': {}

  '@standard-schema/spec@1.0.0': {}

  '@tybys/wasm-util@0.10.1':
    dependencies:
      tslib: 2.8.1
    optional: true

  '@types/geojson@7946.0.16': {}

  '@types/node@24.7.2':
    dependencies:
      undici-types: 7.14.0

  ansis@4.2.0: {}

  ast-kit@2.1.3:
    dependencies:
      '@babel/parser': 7.28.4
      pathe: 2.0.3

  birpc@2.6.1: {}

  cac@6.7.14: {}

  chokidar@4.0.3:
    dependencies:
      readdirp: 4.1.2

  debug@4.4.3:
    dependencies:
      ms: 2.1.3

  defu@6.1.4: {}

  diff@8.0.2: {}

  dts-resolver@2.1.2: {}

  effect@3.18.4:
    dependencies:
      '@standard-schema/spec': 1.0.0
      fast-check: 3.23.2

  empathic@2.0.0: {}

  fast-check@3.23.2:
    dependencies:
      pure-rand: 6.1.0

  fdir@6.5.0(picomatch@4.0.3):
    optionalDependencies:
      picomatch: 4.0.3

  get-tsconfig@4.12.0:
    dependencies:
      resolve-pkg-maps: 1.0.0

  hookable@5.5.3: {}

  jiti@2.6.1: {}

  jsesc@3.1.0: {}

  magic-string@0.30.19:
    dependencies:
      '@jridgewell/sourcemap-codec': 1.5.5

  ms@2.1.3: {}

  pathe@2.0.3: {}

  picomatch@4.0.3: {}

  pure-rand@6.1.0: {}

  quansync@0.2.11: {}

  readdirp@4.1.2: {}

  resolve-pkg-maps@1.0.0: {}

  rolldown-plugin-dts@0.16.12(rolldown@1.0.0-beta.43):
    dependencies:
      '@babel/generator': 7.28.3
      '@babel/parser': 7.28.4
      '@babel/types': 7.28.4
      ast-kit: 2.1.3
      birpc: 2.6.1
      debug: 4.4.3
      dts-resolver: 2.1.2
      get-tsconfig: 4.12.0
      magic-string: 0.30.19
      rolldown: 1.0.0-beta.43
    transitivePeerDependencies:
      - oxc-resolver
      - supports-color

  rolldown@1.0.0-beta.43:
    dependencies:
      '@oxc-project/types': 0.94.0
      '@rolldown/pluginutils': 1.0.0-beta.43
      ansis: 4.2.0
    optionalDependencies:
      '@rolldown/binding-android-arm64': 1.0.0-beta.43
      '@rolldown/binding-darwin-arm64': 1.0.0-beta.43
      '@rolldown/binding-darwin-x64': 1.0.0-beta.43
      '@rolldown/binding-freebsd-x64': 1.0.0-beta.43
      '@rolldown/binding-linux-arm-gnueabihf': 1.0.0-beta.43
      '@rolldown/binding-linux-arm64-gnu': 1.0.0-beta.43
      '@rolldown/binding-linux-arm64-musl': 1.0.0-beta.43
      '@rolldown/binding-linux-x64-gnu': 1.0.0-beta.43
      '@rolldown/binding-linux-x64-musl': 1.0.0-beta.43
      '@rolldown/binding-openharmony-arm64': 1.0.0-beta.43
      '@rolldown/binding-wasm32-wasi': 1.0.0-beta.43
      '@rolldown/binding-win32-arm64-msvc': 1.0.0-beta.43
      '@rolldown/binding-win32-ia32-msvc': 1.0.0-beta.43
      '@rolldown/binding-win32-x64-msvc': 1.0.0-beta.43

  semver@7.7.3: {}

  tinyexec@1.0.1: {}

  tinyglobby@0.2.15:
    dependencies:
      fdir: 6.5.0(picomatch@4.0.3)
      picomatch: 4.0.3

  tree-kill@1.2.2: {}

  tsdown@0.15.8:
    dependencies:
      ansis: 4.2.0
      cac: 6.7.14
      chokidar: 4.0.3
      debug: 4.4.3
      diff: 8.0.2
      empathic: 2.0.0
      hookable: 5.5.3
      rolldown: 1.0.0-beta.43
      rolldown-plugin-dts: 0.16.12(rolldown@1.0.0-beta.43)
      semver: 7.7.3
      tinyexec: 1.0.1
      tinyglobby: 0.2.15
      tree-kill: 1.2.2
      unconfig: 7.3.3
    transitivePeerDependencies:
      - '@ts-macro/tsc'
      - '@typescript/native-preview'
      - oxc-resolver
      - supports-color
      - vue-tsc

  tslib@2.8.1:
    optional: true

  unconfig@7.3.3:
    dependencies:
      '@quansync/fs': 0.1.5
      defu: 6.1.4
      jiti: 2.6.1
      quansync: 0.2.11

  undici-types@7.14.0: {}
